
Microsoft Visual Studio Solution File, Format Version 12.00
# Visual Studio Version 17
VisualStudioVersion = 17.14.36429.23 d17.14
MinimumVisualStudioVersion = 10.0.40219.1
Project("{FAE04EC0-301F-11D3-BF4B-00C04F79EFBC}") = "ConsumeInfoService", "ConsumeInfoService.csproj", "{5F1A9359-E6FD-A664-3418-BD7A00CC595F}"
EndProject
Global
	GlobalSection(SolutionConfigurationPlatforms) = preSolution
		Debug|Any CPU = Debug|Any CPU
		Release|Any CPU = Release|Any CPU
	EndGlobalSection
	GlobalSection(ProjectConfigurationPlatforms) = postSolution
		{5F1A9359-E6FD-A664-3418-BD7A00CC595F}.Debug|Any CPU.ActiveCfg = Debug|Any CPU
		{5F1A9359-E6FD-A664-3418-BD7A00CC595F}.Debug|Any CPU.Build.0 = Debug|Any CPU
		{5F1A9359-E6FD-A664-3418-BD7A00CC595F}.Release|Any CPU.ActiveCfg = Release|Any CPU
		{5F1A9359-E6FD-A664-3418-BD7A00CC595F}.Release|Any CPU.Build.0 = Release|Any CPU
	EndGlobalSection
	GlobalSection(SolutionProperties) = preSolution
		HideSolutionNode = FALSE
	EndGlobalSection
	GlobalSection(ExtensibilityGlobals) = postSolution
		SolutionGuid = {DEC5FAB6-F11A-4B34-984F-838CF34EDE52}
	EndGlobalSection
EndGlobal
